
Microsoft Visual Studio Solution File, Format Version 12.00
# Visual Studio Version 17
VisualStudioVersion = 17.7.34003.232
MinimumVisualStudioVersion = 10.0.40219.1
Project("{FAE04EC0-301F-11D3-BF4B-00C04F79EFBC}") = "uppgift 3.4 4", "uppgift 3.4 4\uppgift 3.4 4.csproj", "{0F94BEB7-51E1-48ED-8832-6CEE59A65F7B}"
EndProject
Global
	GlobalSection(SolutionConfigurationPlatforms) = preSolution
		Debug|Any CPU = Debug|Any CPU
		Release|Any CPU = Release|Any CPU
	EndGlobalSection
	GlobalSection(ProjectConfigurationPlatforms) = postSolution
		{0F94BEB7-51E1-48ED-8832-6CEE59A65F7B}.Debug|Any CPU.ActiveCfg = Debug|Any CPU
		{0F94BEB7-51E1-48ED-8832-6CEE59A65F7B}.Debug|Any CPU.Build.0 = Debug|Any CPU
		{0F94BEB7-51E1-48ED-8832-6CEE59A65F7B}.Release|Any CPU.ActiveCfg = Release|Any CPU
		{0F94BEB7-51E1-48ED-8832-6CEE59A65F7B}.Release|Any CPU.Build.0 = Release|Any CPU
	EndGlobalSection
	GlobalSection(SolutionProperties) = preSolution
		HideSolutionNode = FALSE
	EndGlobalSection
	GlobalSection(ExtensibilityGlobals) = postSolution
		SolutionGuid = {634F239C-7F14-461B-8081-4CEA904B1CDD}
	EndGlobalSection
EndGlobal
